
Microsoft Visual Studio Solution File, Format Version 12.00
# Visual Studio Version 17
VisualStudioVersion = 17.14.36705.20 d17.14
MinimumVisualStudioVersion = 10.0.40219.1
Project("{FAE04EC0-301F-11D3-BF4B-00C04F79EFBC}") = "AdhanService", "AdhanService.csproj", "{F3679D2F-9C9C-4812-B6AE-2933DFF27B98}"
EndProject
Global
	GlobalSection(SolutionConfigurationPlatforms) = preSolution
		Debug|Any CPU = Debug|Any CPU
		Release|Any CPU = Release|Any CPU
	EndGlobalSection
	GlobalSection(ProjectConfigurationPlatforms) = postSolution
		{F3679D2F-9C9C-4812-B6AE-2933DFF27B98}.Debug|Any CPU.ActiveCfg = Debug|Any CPU
		{F3679D2F-9C9C-4812-B6AE-2933DFF27B98}.Debug|Any CPU.Build.0 = Debug|Any CPU
		{F3679D2F-9C9C-4812-B6AE-2933DFF27B98}.Release|Any CPU.ActiveCfg = Release|Any CPU
		{F3679D2F-9C9C-4812-B6AE-2933DFF27B98}.Release|Any CPU.Build.0 = Release|Any CPU
	EndGlobalSection
	GlobalSection(SolutionProperties) = preSolution
		HideSolutionNode = FALSE
	EndGlobalSection
	GlobalSection(ExtensibilityGlobals) = postSolution
		SolutionGuid = {BA9D6571-325D-4B9A-942B-7CA938A3022D}
	EndGlobalSection
EndGlobal
